
Microsoft Visual Studio Solution File, Format Version 12.00
# Visual Studio 15
VisualStudioVersion = 15.0.28307.421
MinimumVisualStudioVersion = 10.0.40219.1
Project("{FAE04EC0-301F-11D3-BF4B-00C04F79EFBC}") = "WindowsFormsApp1", "WindowsFormsApp1\WindowsFormsApp1.csproj", "{7B2DBB02-5911-4C3B-A03D-E0CFFD85A20E}"
EndProject
Global
	GlobalSection(SolutionConfigurationPlatforms) = preSolution
		Debug|Any CPU = Debug|Any CPU
		Release|Any CPU = Release|Any CPU
	EndGlobalSection
	GlobalSection(ProjectConfigurationPlatforms) = postSolution
		{7B2DBB02-5911-4C3B-A03D-E0CFFD85A20E}.Debug|Any CPU.ActiveCfg = Debug|Any CPU
		{7B2DBB02-5911-4C3B-A03D-E0CFFD85A20E}.Debug|Any CPU.Build.0 = Debug|Any CPU
		{7B2DBB02-5911-4C3B-A03D-E0CFFD85A20E}.Release|Any CPU.ActiveCfg = Release|Any CPU
		{7B2DBB02-5911-4C3B-A03D-E0CFFD85A20E}.Release|Any CPU.Build.0 = Release|Any CPU
	EndGlobalSection
	GlobalSection(SolutionProperties) = preSolution
		HideSolutionNode = FALSE
	EndGlobalSection
	GlobalSection(ExtensibilityGlobals) = postSolution
		SolutionGuid = {4778ECDF-9D84-4294-B3EF-9345B8FA9A0C}
	EndGlobalSection
EndGlobal
